
Microsoft Visual Studio Solution File, Format Version 12.00
# Visual Studio Version 16
VisualStudioVersion = 16.0.30804.86
MinimumVisualStudioVersion = 15.0.27130.0
Project("{8BC9CEB8-8B4A-11D0-8D11-00A0C91BC942}") = "Timer", "DriveFreeSpace\DriveFreeSpace.vcxproj", "{A2D2B82B-D826-48B8-A634-679B4B8298C5}"
EndProject
Global
	GlobalSection(SolutionConfigurationPlatforms) = preSolution
		Debug|Win32 = Debug|Win32
		Debug|x64 = Debug|x64
		Release_static|Win32 = Release_static|Win32
		Release_static|x64 = Release_static|x64
		Release|Win32 = Release|Win32
		Release|x64 = Release|x64
	EndGlobalSection
	GlobalSection(ProjectConfigurationPlatforms) = postSolution
		{A2D2B82B-D826-48B8-A634-679B4B8298C5}.Debug|Win32.ActiveCfg = Debug|Win32
		{A2D2B82B-D826-48B8-A634-679B4B8298C5}.Debug|Win32.Build.0 = Debug|Win32
		{A2D2B82B-D826-48B8-A634-679B4B8298C5}.Debug|x64.ActiveCfg = Debug|x64
		{A2D2B82B-D826-48B8-A634-679B4B8298C5}.Debug|x64.Build.0 = Debug|x64
		{A2D2B82B-D826-48B8-A634-679B4B8298C5}.Release_static|Win32.ActiveCfg = Release_static|Win32
		{A2D2B82B-D826-48B8-A634-679B4B8298C5}.Release_static|Win32.Build.0 = Release_static|Win32
		{A2D2B82B-D826-48B8-A634-679B4B8298C5}.Release_static|x64.ActiveCfg = Release_static|x64
		{A2D2B82B-D826-48B8-A634-679B4B8298C5}.Release_static|x64.Build.0 = Release_static|x64
		{A2D2B82B-D826-48B8-A634-679B4B8298C5}.Release|Win32.ActiveCfg = Release|Win32
		{A2D2B82B-D826-48B8-A634-679B4B8298C5}.Release|Win32.Build.0 = Release|Win32
		{A2D2B82B-D826-48B8-A634-679B4B8298C5}.Release|x64.ActiveCfg = Release|x64
		{A2D2B82B-D826-48B8-A634-679B4B8298C5}.Release|x64.Build.0 = Release|x64
	EndGlobalSection
	GlobalSection(SolutionProperties) = preSolution
		HideSolutionNode = FALSE
	EndGlobalSection
	GlobalSection(ExtensibilityGlobals) = postSolution
		SolutionGuid = {D8967567-852A-4222-9ADD-8EECDFDAFA5D}
	EndGlobalSection
EndGlobal
